// !$*UTF8*$!
{
	archiveVersion = 1;
	classes = {
	};
	objectVersion = 46;
	objects = {

/* Begin PBXBuildFile section */
		5720AE5F1C43DFAF007A51B8 /* HorizonalTableViewController.swift in Sources */ = {isa = PBXBuildFile; fileRef = 5720AE5E1C43DFAF007A51B8 /* HorizonalTableViewController.swift */; settings = {ASSET_TAGS = (); }; };
		5720AE611C43E033007A51B8 /* TitleBarView.swift in Sources */ = {isa = PBXBuildFile; fileRef = 5720AE601C43E033007A51B8 /* TitleBarView.swift */; settings = {ASSET_TAGS = (); }; };
		5720AE631C43E0AB007A51B8 /* SwipableViewController.swift in Sources */ = {isa = PBXBuildFile; fileRef = 5720AE621C43E0AB007A51B8 /* SwipableViewController.swift */; settings = {ASSET_TAGS = (); }; };
		5720AE651C43E14D007A51B8 /* NewsViewController.swift in Sources */ = {isa = PBXBuildFile; fileRef = 5720AE641C43E14D007A51B8 /* NewsViewController.swift */; settings = {ASSET_TAGS = (); }; };
		5720AE671C43E162007A51B8 /* BlogsViewController.swift in Sources */ = {isa = PBXBuildFile; fileRef = 5720AE661C43E162007A51B8 /* BlogsViewController.swift */; settings = {ASSET_TAGS = (); }; };
		57937B6C1C428A6F0072DA5D /* AppDelegate.swift in Sources */ = {isa = PBXBuildFile; fileRef = 57937B6B1C428A6F0072DA5D /* AppDelegate.swift */; };
		57937B6E1C428A6F0072DA5D /* ViewController.swift in Sources */ = {isa = PBXBuildFile; fileRef = 57937B6D1C428A6F0072DA5D /* ViewController.swift */; };
		57937B711C428A6F0072DA5D /* Main.storyboard in Resources */ = {isa = PBXBuildFile; fileRef = 57937B6F1C428A6F0072DA5D /* Main.storyboard */; };
		57937B731C428A6F0072DA5D /* Assets.xcassets in Resources */ = {isa = PBXBuildFile; fileRef = 57937B721C428A6F0072DA5D /* Assets.xcassets */; };
		57937B761C428A6F0072DA5D /* LaunchScreen.storyboard in Resources */ = {isa = PBXBuildFile; fileRef = 57937B741C428A6F0072DA5D /* LaunchScreen.storyboard */; };
		57937B811C428A6F0072DA5D /* OSC_2Tests.swift in Sources */ = {isa = PBXBuildFile; fileRef = 57937B801C428A6F0072DA5D /* OSC_2Tests.swift */; };
		57937B8C1C428A6F0072DA5D /* OSC_2UITests.swift in Sources */ = {isa = PBXBuildFile; fileRef = 57937B8B1C428A6F0072DA5D /* OSC_2UITests.swift */; };
		57937B9D1C428E040072DA5D /* HomepageViewController.swift in Sources */ = {isa = PBXBuildFile; fileRef = 57937B9C1C428E040072DA5D /* HomepageViewController.swift */; settings = {ASSET_TAGS = (); }; };
/* End PBXBuildFile section */

/* Begin PBXContainerItemProxy section */
		57937B7D1C428A6F0072DA5D /* PBXContainerItemProxy */ = {
			isa = PBXContainerItemProxy;
			containerPortal = 57937B601C428A6F0072DA5D /* Project object */;
			proxyType = 1;
			remoteGlobalIDString = 57937B671C428A6F0072DA5D;
			remoteInfo = OSC_2;
		};
		57937B881C428A6F0072DA5D /* PBXContainerItemProxy */ = {
			isa = PBXContainerItemProxy;
			containerPortal = 57937B601C428A6F0072DA5D /* Project object */;
			proxyType = 1;
			remoteGlobalIDString = 57937B671C428A6F0072DA5D;
			remoteInfo = OSC_2;
		};
/* End PBXContainerItemProxy section */

/* Begin PBXFileReference section */
		5720AE5E1C43DFAF007A51B8 /* HorizonalTableViewController.swift */ = {isa = PBXFileReference; fileEncoding = 4; lastKnownFileType = sourcecode.swift; path = HorizonalTableViewController.swift; sourceTree = "<group>"; };
		5720AE601C43E033007A51B8 /* TitleBarView.swift */ = {isa = PBXFileReference; fileEncoding = 4; lastKnownFileType = sourcecode.swift; path = TitleBarView.swift; sourceTree = "<group>"; };
		5720AE621C43E0AB007A51B8 /* SwipableViewController.swift */ = {isa = PBXFileReference; fileEncoding = 4; lastKnownFileType = sourcecode.swift; path = SwipableViewController.swift; sourceTree = "<group>"; };
		5720AE641C43E14D007A51B8 /* NewsViewController.swift */ = {isa = PBXFileReference; fileEncoding = 4; lastKnownFileType = sourcecode.swift; path = NewsViewController.swift; sourceTree = "<group>"; };
		5720AE661C43E162007A51B8 /* BlogsViewController.swift */ = {isa = PBXFileReference; fileEncoding = 4; lastKnownFileType = sourcecode.swift; path = BlogsViewController.swift; sourceTree = "<group>"; };
		57937B681C428A6F0072DA5D /* OSC_2.app */ = {isa = PBXFileReference; explicitFileType = wrapper.application; includeInIndex = 0; path = OSC_2.app; sourceTree = BUILT_PRODUCTS_DIR; };
		57937B6B1C428A6F0072DA5D /* AppDelegate.swift */ = {isa = PBXFileReference; lastKnownFileType = sourcecode.swift; path = AppDelegate.swift; sourceTree = "<group>"; };
		57937B6D1C428A6F0072DA5D /* ViewController.swift */ = {isa = PBXFileReference; lastKnownFileType = sourcecode.swift; path = ViewController.swift; sourceTree = "<group>"; };
		57937B701C428A6F0072DA5D /* Base */ = {isa = PBXFileReference; lastKnownFileType = file.storyboard; name = Base; path = Base.lproj/Main.storyboard; sourceTree = "<group>"; };
		57937B721C428A6F0072DA5D /* Assets.xcassets */ = {isa = PBXFileReference; lastKnownFileType = folder.assetcatalog; path = Assets.xcassets; sourceTree = "<group>"; };
		57937B751C428A6F0072DA5D /* Base */ = {isa = PBXFileReference; lastKnownFileType = file.storyboard; name = Base; path = Base.lproj/LaunchScreen.storyboard; sourceTree = "<group>"; };
		57937B771C428A6F0072DA5D /* Info.plist */ = {isa = PBXFileReference; lastKnownFileType = text.plist.xml; path = Info.plist; sourceTree = "<group>"; };
		57937B7C1C428A6F0072DA5D /* OSC_2Tests.xctest */ = {isa = PBXFileReference; explicitFileType = wrapper.cfbundle; includeInIndex = 0; path = OSC_2Tests.xctest; sourceTree = BUILT_PRODUCTS_DIR; };
		57937B801C428A6F0072DA5D /* OSC_2Tests.swift */ = {isa = PBXFileReference; lastKnownFileType = sourcecode.swift; path = OSC_2Tests.swift; sourceTree = "<group>"; };
		57937B821C428A6F0072DA5D /* Info.plist */ = {isa = PBXFileReference; lastKnownFileType = text.plist.xml; path = Info.plist; sourceTree = "<group>"; };
		57937B871C428A6F0072DA5D /* OSC_2UITests.xctest */ = {isa = PBXFileReference; explicitFileType = wrapper.cfbundle; includeInIndex = 0; path = OSC_2UITests.xctest; sourceTree = BUILT_PRODUCTS_DIR; };
		57937B8B1C428A6F0072DA5D /* OSC_2UITests.swift */ = {isa = PBXFileReference; lastKnownFileType = sourcecode.swift; path = OSC_2UITests.swift; sourceTree = "<group>"; };
		57937B8D1C428A6F0072DA5D /* Info.plist */ = {isa = PBXFileReference; lastKnownFileType = text.plist.xml; path = Info.plist; sourceTree = "<group>"; };
		57937B9C1C428E040072DA5D /* HomepageViewController.swift */ = {isa = PBXFileReference; fileEncoding = 4; lastKnownFileType = sourcecode.swift; path = HomepageViewController.swift; sourceTree = "<group>"; };
/* End PBXFileReference section */

/* Begin PBXFrameworksBuildPhase section */
		57937B651C428A6F0072DA5D /* Frameworks */ = {
			isa = PBXFrameworksBuildPhase;
			buildActionMask = 2147483647;
			files = (
			);
			runOnlyForDeploymentPostprocessing = 0;
		};
		57937B791C428A6F0072DA5D /* Frameworks */ = {
			isa = PBXFrameworksBuildPhase;
			buildActionMask = 2147483647;
			files = (
			);
			runOnlyForDeploymentPostprocessing = 0;
		};
		57937B841C428A6F0072DA5D /* Frameworks */ = {
			isa = PBXFrameworksBuildPhase;
			buildActionMask = 2147483647;
			files = (
			);
			runOnlyForDeploymentPostprocessing = 0;
		};
/* End PBXFrameworksBuildPhase section */

/* Begin PBXGroup section */
		57937B5F1C428A6F0072DA5D = {
			isa = PBXGroup;
			children = (
				57937B6A1C428A6F0072DA5D /* OSC_2 */,
				57937B7F1C428A6F0072DA5D /* OSC_2Tests */,
				57937B8A1C428A6F0072DA5D /* OSC_2UITests */,
				57937B691C428A6F0072DA5D /* Products */,
			);
			sourceTree = "<group>";
		};
		57937B691C428A6F0072DA5D /* Products */ = {
			isa = PBXGroup;
			children = (
				57937B681C428A6F0072DA5D /* OSC_2.app */,
				57937B7C1C428A6F0072DA5D /* OSC_2Tests.xctest */,
				57937B871C428A6F0072DA5D /* OSC_2UITests.xctest */,
			);
			name = Products;
			sourceTree = "<group>";
		};
		57937B6A1C428A6F0072DA5D /* OSC_2 */ = {
			isa = PBXGroup;
			children = (
				57937B991C428DB50072DA5D /* Controller */,
				57937B6B1C428A6F0072DA5D /* AppDelegate.swift */,
				57937B6D1C428A6F0072DA5D /* ViewController.swift */,
				57937B6F1C428A6F0072DA5D /* Main.storyboard */,
				57937B721C428A6F0072DA5D /* Assets.xcassets */,
				57937B741C428A6F0072DA5D /* LaunchScreen.storyboard */,
				57937B771C428A6F0072DA5D /* Info.plist */,
			);
			path = OSC_2;
			sourceTree = "<group>";
		};
		57937B7F1C428A6F0072DA5D /* OSC_2Tests */ = {
			isa = PBXGroup;
			children = (
				57937B801C428A6F0072DA5D /* OSC_2Tests.swift */,
				57937B821C428A6F0072DA5D /* Info.plist */,
			);
			path = OSC_2Tests;
			sourceTree = "<group>";
		};
		57937B8A1C428A6F0072DA5D /* OSC_2UITests */ = {
			isa = PBXGroup;
			children = (
				57937B8B1C428A6F0072DA5D /* OSC_2UITests.swift */,
				57937B8D1C428A6F0072DA5D /* Info.plist */,
			);
			path = OSC_2UITests;
			sourceTree = "<group>";
		};
		57937B991C428DB50072DA5D /* Controller */ = {
			isa = PBXGroup;
			children = (
				57937B9C1C428E040072DA5D /* HomepageViewController.swift */,
				5720AE661C43E162007A51B8 /* BlogsViewController.swift */,
				5720AE5E1C43DFAF007A51B8 /* HorizonalTableViewController.swift */,
				5720AE601C43E033007A51B8 /* TitleBarView.swift */,
				5720AE621C43E0AB007A51B8 /* SwipableViewController.swift */,
				5720AE641C43E14D007A51B8 /* NewsViewController.swift */,
			);
			name = Controller;
			sourceTree = "<group>";
		};
/* End PBXGroup section */

/* Begin PBXNativeTarget section */
		57937B671C428A6F0072DA5D /* OSC_2 */ = {
			isa = PBXNativeTarget;
			buildConfigurationList = 57937B901C428A6F0072DA5D /* Build configuration list for PBXNativeTarget "OSC_2" */;
			buildPhases = (
				57937B641C428A6F0072DA5D /* Sources */,
				57937B651C428A6F0072DA5D /* Frameworks */,
				57937B661C428A6F0072DA5D /* Resources */,
			);
			buildRules = (
			);
			dependencies = (
			);
			name = OSC_2;
			productName = OSC_2;
			productReference = 57937B681C428A6F0072DA5D /* OSC_2.app */;
			productType = "com.apple.product-type.application";
		};
		57937B7B1C428A6F0072DA5D /* OSC_2Tests */ = {
			isa = PBXNativeTarget;
			buildConfigurationList = 57937B931C428A6F0072DA5D /* Build configuration list for PBXNativeTarget "OSC_2Tests" */;
			buildPhases = (
				57937B781C428A6F0072DA5D /* Sources */,
				57937B791C428A6F0072DA5D /* Frameworks */,
				57937B7A1C428A6F0072DA5D /* Resources */,
			);
			buildRules = (
			);
			dependencies = (
				57937B7E1C428A6F0072DA5D /* PBXTargetDependency */,
			);
			name = OSC_2Tests;
			productName = OSC_2Tests;
			productReference = 57937B7C1C428A6F0072DA5D /* OSC_2Tests.xctest */;
			productType = "com.apple.product-type.bundle.unit-test";
		};
		57937B861C428A6F0072DA5D /* OSC_2UITests */ = {
			isa = PBXNativeTarget;
			buildConfigurationList = 57937B961C428A6F0072DA5D /* Build configuration list for PBXNativeTarget "OSC_2UITests" */;
			buildPhases = (
				57937B831C428A6F0072DA5D /* Sources */,
				57937B841C428A6F0072DA5D /* Frameworks */,
				57937B851C428A6F0072DA5D /* Resources */,
			);
			buildRules = (
			);
			dependencies = (
				57937B891C428A6F0072DA5D /* PBXTargetDependency */,
			);
			name = OSC_2UITests;
			productName = OSC_2UITests;
			productReference = 57937B871C428A6F0072DA5D /* OSC_2UITests.xctest */;
			productType = "com.apple.product-type.bundle.ui-testing";
		};
/* End PBXNativeTarget section */

/* Begin PBXProject section */
		57937B601C428A6F0072DA5D /* Project object */ = {
			isa = PBXProject;
			attributes = {
				LastUpgradeCheck = 0700;
				ORGANIZATIONNAME = Maizi;
				TargetAttributes = {
					57937B671C428A6F0072DA5D = {
						CreatedOnToolsVersion = 7.0;
					};
					57937B7B1C428A6F0072DA5D = {
						CreatedOnToolsVersion = 7.0;
						TestTargetID = 57937B671C428A6F0072DA5D;
					};
					57937B861C428A6F0072DA5D = {
						CreatedOnToolsVersion = 7.0;
						TestTargetID = 57937B671C428A6F0072DA5D;
					};
				};
			};
			buildConfigurationList = 57937B631C428A6F0072DA5D /* Build configuration list for PBXProject "OSC_2" */;
			compatibilityVersion = "Xcode 3.2";
			developmentRegion = English;
			hasScannedForEncodings = 0;
			knownRegions = (
				en,
				Base,
			);
			mainGroup = 57937B5F1C428A6F0072DA5D;
			productRefGroup = 57937B691C428A6F0072DA5D /* Products */;
			projectDirPath = "";
			projectRoot = "";
			targets = (
				57937B671C428A6F0072DA5D /* OSC_2 */,
				57937B7B1C428A6F0072DA5D /* OSC_2Tests */,
				57937B861C428A6F0072DA5D /* OSC_2UITests */,
			);
		};
/* End PBXProject section */

/* Begin PBXResourcesBuildPhase section */
		57937B661C428A6F0072DA5D /* Resources */ = {
			isa = PBXResourcesBuildPhase;
			buildActionMask = 2147483647;
			files = (
				57937B761C428A6F0072DA5D /* LaunchScreen.storyboard in Resources */,
				57937B731C428A6F0072DA5D /* Assets.xcassets in Resources */,
				57937B711C428A6F0072DA5D /* Main.storyboard in Resources */,
			);
			runOnlyForDeploymentPostprocessing = 0;
		};
		57937B7A1C428A6F0072DA5D /* Resources */ = {
			isa = PBXResourcesBuildPhase;
			buildActionMask = 2147483647;
			files = (
			);
			runOnlyForDeploymentPostprocessing = 0;
		};
		57937B851C428A6F0072DA5D /* Resources */ = {
			isa = PBXResourcesBuildPhase;
			buildActionMask = 2147483647;
			files = (
			);
			runOnlyForDeploymentPostprocessing = 0;
		};
/* End PBXResourcesBuildPhase section */

/* Begin PBXSourcesBuildPhase section */
		57937B641C428A6F0072DA5D /* Sources */ = {
			isa = PBXSourcesBuildPhase;
			buildActionMask = 2147483647;
			files = (
				5720AE611C43E033007A51B8 /* TitleBarView.swift in Sources */,
				57937B9D1C428E040072DA5D /* HomepageViewController.swift in Sources */,
				5720AE671C43E162007A51B8 /* BlogsViewController.swift in Sources */,
				57937B6E1C428A6F0072DA5D /* ViewController.swift in Sources */,
				5720AE5F1C43DFAF007A51B8 /* HorizonalTableViewController.swift in Sources */,
				5720AE651C43E14D007A51B8 /* NewsViewController.swift in Sources */,
				57937B6C1C428A6F0072DA5D /* AppDelegate.swift in Sources */,
				5720AE631C43E0AB007A51B8 /* SwipableViewController.swift in Sources */,
			);
			runOnlyForDeploymentPostprocessing = 0;
		};
		57937B781C428A6F0072DA5D /* Sources */ = {
			isa = PBXSourcesBuildPhase;
			buildActionMask = 2147483647;
			files = (
				57937B811C428A6F0072DA5D /* OSC_2Tests.swift in Sources */,
			);
			runOnlyForDeploymentPostprocessing = 0;
		};
		57937B831C428A6F0072DA5D /* Sources */ = {
			isa = PBXSourcesBuildPhase;
			buildActionMask = 2147483647;
			files = (
				57937B8C1C428A6F0072DA5D /* OSC_2UITests.swift in Sources */,
			);
			runOnlyForDeploymentPostprocessing = 0;
		};
/* End PBXSourcesBuildPhase section */

/* Begin PBXTargetDependency section */
		57937B7E1C428A6F0072DA5D /* PBXTargetDependency */ = {
			isa = PBXTargetDependency;
			target = 57937B671C428A6F0072DA5D /* OSC_2 */;
			targetProxy = 57937B7D1C428A6F0072DA5D /* PBXContainerItemProxy */;
		};
		57937B891C428A6F0072DA5D /* PBXTargetDependency */ = {
			isa = PBXTargetDependency;
			target = 57937B671C428A6F0072DA5D /* OSC_2 */;
			targetProxy = 57937B881C428A6F0072DA5D /* PBXContainerItemProxy */;
		};
/* End PBXTargetDependency section */

/* Begin PBXVariantGroup section */
		57937B6F1C428A6F0072DA5D /* Main.storyboard */ = {
			isa = PBXVariantGroup;
			children = (
				57937B701C428A6F0072DA5D /* Base */,
			);
			name = Main.storyboard;
			sourceTree = "<group>";
		};
		57937B741C428A6F0072DA5D /* LaunchScreen.storyboard */ = {
			isa = PBXVariantGroup;
			children = (
				57937B751C428A6F0072DA5D /* Base */,
			);
			name = LaunchScreen.storyboard;
			sourceTree = "<group>";
		};
/* End PBXVariantGroup section */

/* Begin XCBuildConfiguration section */
		57937B8E1C428A6F0072DA5D /* Debug */ = {
			isa = XCBuildConfiguration;
			buildSettings = {
				ALWAYS_SEARCH_USER_PATHS = NO;
				CLANG_CXX_LANGUAGE_STANDARD = "gnu++0x";
				CLANG_CXX_LIBRARY = "libc++";
				CLANG_ENABLE_MODULES = YES;
				CLANG_ENABLE_OBJC_ARC = YES;
				CLANG_WARN_BOOL_CONVERSION = YES;
				CLANG_WARN_CONSTANT_CONVERSION = YES;
				CLANG_WARN_DIRECT_OBJC_ISA_USAGE = YES_ERROR;
				CLANG_WARN_EMPTY_BODY = YES;
				CLANG_WARN_ENUM_CONVERSION = YES;
				CLANG_WARN_INT_CONVERSION = YES;
				CLANG_WARN_OBJC_ROOT_CLASS = YES_ERROR;
				CLANG_WARN_UNREACHABLE_CODE = YES;
				CLANG_WARN__DUPLICATE_METHOD_MATCH = YES;
				"CODE_SIGN_IDENTITY[sdk=iphoneos*]" = "iPhone Developer";
				COPY_PHASE_STRIP = NO;
				DEBUG_INFORMATION_FORMAT = dwarf;
				ENABLE_STRICT_OBJC_MSGSEND = YES;
				ENABLE_TESTABILITY = YES;
				GCC_C_LANGUAGE_STANDARD = gnu99;
				GCC_DYNAMIC_NO_PIC = NO;
				GCC_NO_COMMON_BLOCKS = YES;
				GCC_OPTIMIZATION_LEVEL = 0;
				GCC_PREPROCESSOR_DEFINITIONS = (
					"DEBUG=1",
					"$(inherited)",
				);
				GCC_WARN_64_TO_32_BIT_CONVERSION = YES;
				GCC_WARN_ABOUT_RETURN_TYPE = YES_ERROR;
				GCC_WARN_UNDECLARED_SELECTOR = YES;
				GCC_WARN_UNINITIALIZED_AUTOS = YES_AGGRESSIVE;
				GCC_WARN_UNUSED_FUNCTION = YES;
				GCC_WARN_UNUSED_VARIABLE = YES;
				IPHONEOS_DEPLOYMENT_TARGET = 9.0;
				MTL_ENABLE_DEBUG_INFO = YES;
				ONLY_ACTIVE_ARCH = YES;
				SDKROOT = iphoneos;
				SWIFT_OPTIMIZATION_LEVEL = "-Onone";
			};
			name = Debug;
		};
		57937B8F1C428A6F0072DA5D /* Release */ = {
			isa = XCBuildConfiguration;
			buildSettings = {
				ALWAYS_SEARCH_USER_PATHS = NO;
				CLANG_CXX_LANGUAGE_STANDARD = "gnu++0x";
				CLANG_CXX_LIBRARY = "libc++";
				CLANG_ENABLE_MODULES = YES;
				CLANG_ENABLE_OBJC_ARC = YES;
				CLANG_WARN_BOOL_CONVERSION = YES;
				CLANG_WARN_CONSTANT_CONVERSION = YES;
				CLANG_WARN_DIRECT_OBJC_ISA_USAGE = YES_ERROR;
				CLANG_WARN_EMPTY_BODY = YES;
				CLANG_WARN_ENUM_CONVERSION = YES;
				CLANG_WARN_INT_CONVERSION = YES;
				CLANG_WARN_OBJC_ROOT_CLASS = YES_ERROR;
				CLANG_WARN_UNREACHABLE_CODE = YES;
				CLANG_WARN__DUPLICATE_METHOD_MATCH = YES;
				"CODE_SIGN_IDENTITY[sdk=iphoneos*]" = "iPhone Developer";
				COPY_PHASE_STRIP = NO;
				DEBUG_INFORMATION_FORMAT = "dwarf-with-dsym";
				ENABLE_NS_ASSERTIONS = NO;
				ENABLE_STRICT_OBJC_MSGSEND = YES;
				GCC_C_LANGUAGE_STANDARD = gnu99;
				GCC_NO_COMMON_BLOCKS = YES;
				GCC_WARN_64_TO_32_BIT_CONVERSION = YES;
				GCC_WARN_ABOUT_RETURN_TYPE = YES_ERROR;
				GCC_WARN_UNDECLARED_SELECTOR = YES;
				GCC_WARN_UNINITIALIZED_AUTOS = YES_AGGRESSIVE;
				GCC_WARN_UNUSED_FUNCTION = YES;
				GCC_WARN_UNUSED_VARIABLE = YES;
				IPHONEOS_DEPLOYMENT_TARGET = 9.0;
				MTL_ENABLE_DEBUG_INFO = NO;
				SDKROOT = iphoneos;
				VALIDATE_PRODUCT = YES;
			};
			name = Release;
		};
		57937B911C428A6F0072DA5D /* Debug */ = {
			isa = XCBuildConfiguration;
			buildSettings = {
				ASSETCATALOG_COMPILER_APPICON_NAME = AppIcon;
				INFOPLIST_FILE = OSC_2/Info.plist;
				LD_RUNPATH_SEARCH_PATHS = "$(inherited) @executable_path/Frameworks";
				PRODUCT_BUNDLE_IDENTIFIER = "felix.OSC-2";
				PRODUCT_NAME = "$(TARGET_NAME)";
			};
			name = Debug;
		};
		57937B921C428A6F0072DA5D /* Release */ = {
			isa = XCBuildConfiguration;
			buildSettings = {
				ASSETCATALOG_COMPILER_APPICON_NAME = AppIcon;
				INFOPLIST_FILE = OSC_2/Info.plist;
				LD_RUNPATH_SEARCH_PATHS = "$(inherited) @executable_path/Frameworks";
				PRODUCT_BUNDLE_IDENTIFIER = "felix.OSC-2";
				PRODUCT_NAME = "$(TARGET_NAME)";
			};
			name = Release;
		};
		57937B941C428A6F0072DA5D /* Debug */ = {
			isa = XCBuildConfiguration;
			buildSettings = {
				BUNDLE_LOADER = "$(TEST_HOST)";
				INFOPLIST_FILE = OSC_2Tests/Info.plist;
				LD_RUNPATH_SEARCH_PATHS = "$(inherited) @executable_path/Frameworks @loader_path/Frameworks";
				PRODUCT_BUNDLE_IDENTIFIER = "felix.OSC-2Tests";
				PRODUCT_NAME = "$(TARGET_NAME)";
				TEST_HOST = "$(BUILT_PRODUCTS_DIR)/OSC_2.app/OSC_2";
			};
			name = Debug;
		};
		57937B951C428A6F0072DA5D /* Release */ = {
			isa = XCBuildConfiguration;
			buildSettings = {
				BUNDLE_LOADER = "$(TEST_HOST)";
				INFOPLIST_FILE = OSC_2Tests/Info.plist;
				LD_RUNPATH_SEARCH_PATHS = "$(inherited) @executable_path/Frameworks @loader_path/Frameworks";
				PRODUCT_BUNDLE_IDENTIFIER = "felix.OSC-2Tests";
				PRODUCT_NAME = "$(TARGET_NAME)";
				TEST_HOST = "$(BUILT_PRODUCTS_DIR)/OSC_2.app/OSC_2";
			};
			name = Release;
		};
		57937B971C428A6F0072DA5D /* Debug */ = {
			isa = XCBuildConfiguration;
			buildSettings = {
				INFOPLIST_FILE = OSC_2UITests/Info.plist;
				LD_RUNPATH_SEARCH_PATHS = "$(inherited) @executable_path/Frameworks @loader_path/Frameworks";
				PRODUCT_BUNDLE_IDENTIFIER = "felix.OSC-2UITests";
				PRODUCT_NAME = "$(TARGET_NAME)";
				TEST_TARGET_NAME = OSC_2;
				USES_XCTRUNNER = YES;
			};
			name = Debug;
		};
		57937B981C428A6F0072DA5D /* Release */ = {
			isa = XCBuildConfiguration;
			buildSettings = {
				INFOPLIST_FILE = OSC_2UITests/Info.plist;
				LD_RUNPATH_SEARCH_PATHS = "$(inherited) @executable_path/Frameworks @loader_path/Frameworks";
				PRODUCT_BUNDLE_IDENTIFIER = "felix.OSC-2UITests";
				PRODUCT_NAME = "$(TARGET_NAME)";
				TEST_TARGET_NAME = OSC_2;
				USES_XCTRUNNER = YES;
			};
			name = Release;
		};
/* End XCBuildConfiguration section */

/* Begin XCConfigurationList section */
		57937B631C428A6F0072DA5D /* Build configuration list for PBXProject "OSC_2" */ = {
			isa = XCConfigurationList;
			buildConfigurations = (
				57937B8E1C428A6F0072DA5D /* Debug */,
				57937B8F1C428A6F0072DA5D /* Release */,
			);
			defaultConfigurationIsVisible = 0;
			defaultConfigurationName = Release;
		};
		57937B901C428A6F0072DA5D /* Build configuration list for PBXNativeTarget "OSC_2" */ = {
			isa = XCConfigurationList;
			buildConfigurations = (
				57937B911C428A6F0072DA5D /* Debug */,
				57937B921C428A6F0072DA5D /* Release */,
			);
			defaultConfigurationIsVisible = 0;
			defaultConfigurationName = Release;
		};
		57937B931C428A6F0072DA5D /* Build configuration list for PBXNativeTarget "OSC_2Tests" */ = {
			isa = XCConfigurationList;
			buildConfigurations = (
				57937B941C428A6F0072DA5D /* Debug */,
				57937B951C428A6F0072DA5D /* Release */,
			);
			defaultConfigurationIsVisible = 0;
			defaultConfigurationName = Release;
		};
		57937B961C428A6F0072DA5D /* Build configuration list for PBXNativeTarget "OSC_2UITests" */ = {
			isa = XCConfigurationList;
			buildConfigurations = (
				57937B971C428A6F0072DA5D /* Debug */,
				57937B981C428A6F0072DA5D /* Release */,
			);
			defaultConfigurationIsVisible = 0;
			defaultConfigurationName = Release;
		};
/* End XCConfigurationList section */
	};
	rootObject = 57937B601C428A6F0072DA5D /* Project object */;
}
